// !$*UTF8*$!
{
	archiveVersion = 1;
	classes = {
	};
	objectVersion = 50;
	objects = {

/* Begin PBXBuildFile section */
		557B1B8C22D609EF00B7A3F8 /* UIScrollView+TPKeyboardAvoidingAdditions.m in Sources */ = {isa = PBXBuildFile; fileRef = 557B1B8622D609EE00B7A3F8 /* UIScrollView+TPKeyboardAvoidingAdditions.m */; };
		557B1B8D22D609EF00B7A3F8 /* TPKeyboardAvoidingTableView.m in Sources */ = {isa = PBXBuildFile; fileRef = 557B1B8722D609EE00B7A3F8 /* TPKeyboardAvoidingTableView.m */; };
		557B1B8E22D609EF00B7A3F8 /* TPKeyboardAvoidingScrollView.m in Sources */ = {isa = PBXBuildFile; fileRef = 557B1B8822D609EE00B7A3F8 /* TPKeyboardAvoidingScrollView.m */; };
		557B1B8F22D609EF00B7A3F8 /* TPKeyboardAvoidingCollectionView.m in Sources */ = {isa = PBXBuildFile; fileRef = 557B1B8A22D609EE00B7A3F8 /* TPKeyboardAvoidingCollectionView.m */; };
		55A8512622D45C7E007783BA /* HistoryVC.swift in Sources */ = {isa = PBXBuildFile; fileRef = 55A8512522D45C7E007783BA /* HistoryVC.swift */; };
		55A8512A22D461D7007783BA /* EndCell.swift in Sources */ = {isa = PBXBuildFile; fileRef = 55A8512822D461D7007783BA /* EndCell.swift */; };
		55A8513222D48E3B007783BA /* UserDetails+CoreDataClass.swift in Sources */ = {isa = PBXBuildFile; fileRef = 55A8513022D48E3B007783BA /* UserDetails+CoreDataClass.swift */; };
		55A8513322D48E3B007783BA /* UserDetails+CoreDataProperties.swift in Sources */ = {isa = PBXBuildFile; fileRef = 55A8513122D48E3B007783BA /* UserDetails+CoreDataProperties.swift */; };
		55BC1FDE22D888220086508C /* AJProgressView.swift in Sources */ = {isa = PBXBuildFile; fileRef = 55BC1FDD22D888220086508C /* AJProgressView.swift */; };
		55CFC91E22D32A1D000FCD00 /* AppDelegate.swift in Sources */ = {isa = PBXBuildFile; fileRef = 55CFC91D22D32A1D000FCD00 /* AppDelegate.swift */; };
		55CFC92022D32A1D000FCD00 /* ViewController.swift in Sources */ = {isa = PBXBuildFile; fileRef = 55CFC91F22D32A1D000FCD00 /* ViewController.swift */; };
		55CFC92322D32A1D000FCD00 /* Main.storyboard in Resources */ = {isa = PBXBuildFile; fileRef = 55CFC92122D32A1D000FCD00 /* Main.storyboard */; };
		55CFC92622D32A1D000FCD00 /* TrivaDemo.xcdatamodeld in Sources */ = {isa = PBXBuildFile; fileRef = 55CFC92422D32A1D000FCD00 /* TrivaDemo.xcdatamodeld */; };
		55CFC92822D32A2A000FCD00 /* Assets.xcassets in Resources */ = {isa = PBXBuildFile; fileRef = 55CFC92722D32A2A000FCD00 /* Assets.xcassets */; };
		55CFC92B22D32A2A000FCD00 /* LaunchScreen.storyboard in Resources */ = {isa = PBXBuildFile; fileRef = 55CFC92922D32A2A000FCD00 /* LaunchScreen.storyboard */; };
		55CFC93522D33D1B000FCD00 /* HomeVC.swift in Sources */ = {isa = PBXBuildFile; fileRef = 55CFC93422D33D1B000FCD00 /* HomeVC.swift */; };
		55CFC93722D33E71000FCD00 /* FirstQuestionVC.swift in Sources */ = {isa = PBXBuildFile; fileRef = 55CFC93622D33E71000FCD00 /* FirstQuestionVC.swift */; };
		55CFC93922D33EBA000FCD00 /* SecondQuestionVC.swift in Sources */ = {isa = PBXBuildFile; fileRef = 55CFC93822D33EBA000FCD00 /* SecondQuestionVC.swift */; };
		55CFC95122D35066000FCD00 /* Constant.swift in Sources */ = {isa = PBXBuildFile; fileRef = 55CFC94522D35066000FCD00 /* Constant.swift */; };
		55CFC95422D35066000FCD00 /* AdditionalFunctions.swift in Sources */ = {isa = PBXBuildFile; fileRef = 55CFC94A22D35066000FCD00 /* AdditionalFunctions.swift */; };
		55CFC95722D35066000FCD00 /* ViewController+Extention.swift in Sources */ = {isa = PBXBuildFile; fileRef = 55CFC95022D35066000FCD00 /* ViewController+Extention.swift */; };
		55D81CEB22D76E1F001D8205 /* AnserwsVC.swift in Sources */ = {isa = PBXBuildFile; fileRef = 55D81CEA22D76E1F001D8205 /* AnserwsVC.swift */; };
/* End PBXBuildFile section */

/* Begin PBXFileReference section */
		557B1B8422D609EE00B7A3F8 /* TPKeyboardAvoidingScrollView.h */ = {isa = PBXFileReference; fileEncoding = 4; lastKnownFileType = sourcecode.c.h; path = TPKeyboardAvoidingScrollView.h; sourceTree = "<group>"; };
		557B1B8522D609EE00B7A3F8 /* TPKeyboardAvoidingCollectionView.h */ = {isa = PBXFileReference; fileEncoding = 4; lastKnownFileType = sourcecode.c.h; path = TPKeyboardAvoidingCollectionView.h; sourceTree = "<group>"; };
		557B1B8622D609EE00B7A3F8 /* UIScrollView+TPKeyboardAvoidingAdditions.m */ = {isa = PBXFileReference; fileEncoding = 4; lastKnownFileType = sourcecode.c.objc; path = "UIScrollView+TPKeyboardAvoidingAdditions.m"; sourceTree = "<group>"; };
		557B1B8722D609EE00B7A3F8 /* TPKeyboardAvoidingTableView.m */ = {isa = PBXFileReference; fileEncoding = 4; lastKnownFileType = sourcecode.c.objc; path = TPKeyboardAvoidingTableView.m; sourceTree = "<group>"; };
		557B1B8822D609EE00B7A3F8 /* TPKeyboardAvoidingScrollView.m */ = {isa = PBXFileReference; fileEncoding = 4; lastKnownFileType = sourcecode.c.objc; path = TPKeyboardAvoidingScrollView.m; sourceTree = "<group>"; };
		557B1B8922D609EE00B7A3F8 /* UIScrollView+TPKeyboardAvoidingAdditions.h */ = {isa = PBXFileReference; fileEncoding = 4; lastKnownFileType = sourcecode.c.h; path = "UIScrollView+TPKeyboardAvoidingAdditions.h"; sourceTree = "<group>"; };
		557B1B8A22D609EE00B7A3F8 /* TPKeyboardAvoidingCollectionView.m */ = {isa = PBXFileReference; fileEncoding = 4; lastKnownFileType = sourcecode.c.objc; path = TPKeyboardAvoidingCollectionView.m; sourceTree = "<group>"; };
		557B1B8B22D609EE00B7A3F8 /* TPKeyboardAvoidingTableView.h */ = {isa = PBXFileReference; fileEncoding = 4; lastKnownFileType = sourcecode.c.h; path = TPKeyboardAvoidingTableView.h; sourceTree = "<group>"; };
		55A8512522D45C7E007783BA /* HistoryVC.swift */ = {isa = PBXFileReference; lastKnownFileType = sourcecode.swift; path = HistoryVC.swift; sourceTree = "<group>"; };
		55A8512822D461D7007783BA /* EndCell.swift */ = {isa = PBXFileReference; lastKnownFileType = sourcecode.swift; path = EndCell.swift; sourceTree = "<group>"; };
		55A8513022D48E3B007783BA /* UserDetails+CoreDataClass.swift */ = {isa = PBXFileReference; lastKnownFileType = sourcecode.swift; path = "UserDetails+CoreDataClass.swift"; sourceTree = "<group>"; };
		55A8513122D48E3B007783BA /* UserDetails+CoreDataProperties.swift */ = {isa = PBXFileReference; lastKnownFileType = sourcecode.swift; path = "UserDetails+CoreDataProperties.swift"; sourceTree = "<group>"; };
		55BC1FDD22D888220086508C /* AJProgressView.swift */ = {isa = PBXFileReference; fileEncoding = 4; lastKnownFileType = sourcecode.swift; path = AJProgressView.swift; sourceTree = "<group>"; };
		55CFC91A22D32A1D000FCD00 /* TrivaDemo.app */ = {isa = PBXFileReference; explicitFileType = wrapper.application; includeInIndex = 0; path = TrivaDemo.app; sourceTree = BUILT_PRODUCTS_DIR; };
		55CFC91D22D32A1D000FCD00 /* AppDelegate.swift */ = {isa = PBXFileReference; lastKnownFileType = sourcecode.swift; path = AppDelegate.swift; sourceTree = "<group>"; };
		55CFC91F22D32A1D000FCD00 /* ViewController.swift */ = {isa = PBXFileReference; lastKnownFileType = sourcecode.swift; path = ViewController.swift; sourceTree = "<group>"; };
		55CFC92222D32A1D000FCD00 /* Base */ = {isa = PBXFileReference; lastKnownFileType = file.storyboard; name = Base; path = Base.lproj/Main.storyboard; sourceTree = "<group>"; };
		55CFC92522D32A1D000FCD00 /* TrivaDemo.xcdatamodel */ = {isa = PBXFileReference; lastKnownFileType = wrapper.xcdatamodel; path = TrivaDemo.xcdatamodel; sourceTree = "<group>"; };
		55CFC92722D32A2A000FCD00 /* Assets.xcassets */ = {isa = PBXFileReference; lastKnownFileType = folder.assetcatalog; path = Assets.xcassets; sourceTree = "<group>"; };
		55CFC92A22D32A2A000FCD00 /* Base */ = {isa = PBXFileReference; lastKnownFileType = file.storyboard; name = Base; path = Base.lproj/LaunchScreen.storyboard; sourceTree = "<group>"; };
		55CFC92C22D32A2A000FCD00 /* Info.plist */ = {isa = PBXFileReference; lastKnownFileType = text.plist.xml; path = Info.plist; sourceTree = "<group>"; };
		55CFC93422D33D1B000FCD00 /* HomeVC.swift */ = {isa = PBXFileReference; lastKnownFileType = sourcecode.swift; path = HomeVC.swift; sourceTree = "<group>"; };
		55CFC93622D33E71000FCD00 /* FirstQuestionVC.swift */ = {isa = PBXFileReference; lastKnownFileType = sourcecode.swift; path = FirstQuestionVC.swift; sourceTree = "<group>"; };
		55CFC93822D33EBA000FCD00 /* SecondQuestionVC.swift */ = {isa = PBXFileReference; lastKnownFileType = sourcecode.swift; path = SecondQuestionVC.swift; sourceTree = "<group>"; };
		55CFC94522D35066000FCD00 /* Constant.swift */ = {isa = PBXFileReference; fileEncoding = 4; lastKnownFileType = sourcecode.swift; path = Constant.swift; sourceTree = "<group>"; };
		55CFC94A22D35066000FCD00 /* AdditionalFunctions.swift */ = {isa = PBXFileReference; fileEncoding = 4; lastKnownFileType = sourcecode.swift; path = AdditionalFunctions.swift; sourceTree = "<group>"; };
		55CFC95022D35066000FCD00 /* ViewController+Extention.swift */ = {isa = PBXFileReference; fileEncoding = 4; lastKnownFileType = sourcecode.swift; path = "ViewController+Extention.swift"; sourceTree = "<group>"; };
		55D81CEA22D76E1F001D8205 /* AnserwsVC.swift */ = {isa = PBXFileReference; lastKnownFileType = sourcecode.swift; path = AnserwsVC.swift; sourceTree = "<group>"; };
/* End PBXFileReference section */

/* Begin PBXFrameworksBuildPhase section */
		55CFC91722D32A1D000FCD00 /* Frameworks */ = {
			isa = PBXFrameworksBuildPhase;
			buildActionMask = 2147483647;
			files = (
			);
			runOnlyForDeploymentPostprocessing = 0;
		};
/* End PBXFrameworksBuildPhase section */

/* Begin PBXGroup section */
		557B1B8322D609EE00B7A3F8 /* TPKeyboardAvoiding */ = {
			isa = PBXGroup;
			children = (
				557B1B8422D609EE00B7A3F8 /* TPKeyboardAvoidingScrollView.h */,
				557B1B8522D609EE00B7A3F8 /* TPKeyboardAvoidingCollectionView.h */,
				557B1B8622D609EE00B7A3F8 /* UIScrollView+TPKeyboardAvoidingAdditions.m */,
				557B1B8722D609EE00B7A3F8 /* TPKeyboardAvoidingTableView.m */,
				557B1B8822D609EE00B7A3F8 /* TPKeyboardAvoidingScrollView.m */,
				557B1B8922D609EE00B7A3F8 /* UIScrollView+TPKeyboardAvoidingAdditions.h */,
				557B1B8A22D609EE00B7A3F8 /* TPKeyboardAvoidingCollectionView.m */,
				557B1B8B22D609EE00B7A3F8 /* TPKeyboardAvoidingTableView.h */,
			);
			path = TPKeyboardAvoiding;
			sourceTree = "<group>";
		};
		55A8512722D45CD6007783BA /* Cells */ = {
			isa = PBXGroup;
			children = (
				55A8512822D461D7007783BA /* EndCell.swift */,
			);
			path = Cells;
			sourceTree = "<group>";
		};
		55BC1FDC22D888080086508C /* AJPRogressHud */ = {
			isa = PBXGroup;
			children = (
				55BC1FDD22D888220086508C /* AJProgressView.swift */,
			);
			path = AJPRogressHud;
			sourceTree = "<group>";
		};
		55CFC91122D32A1D000FCD00 = {
			isa = PBXGroup;
			children = (
				55CFC91C22D32A1D000FCD00 /* TrivaDemo */,
				55CFC91B22D32A1D000FCD00 /* Products */,
			);
			sourceTree = "<group>";
		};
		55CFC91B22D32A1D000FCD00 /* Products */ = {
			isa = PBXGroup;
			children = (
				55CFC91A22D32A1D000FCD00 /* TrivaDemo.app */,
			);
			name = Products;
			sourceTree = "<group>";
		};
		55CFC91C22D32A1D000FCD00 /* TrivaDemo */ = {
			isa = PBXGroup;
			children = (
				55CFC93A22D34555000FCD00 /* Modal */,
				55CFC94422D35066000FCD00 /* Helper */,
				55CFC93222D32BE7000FCD00 /* Classes */,
				55CFC91D22D32A1D000FCD00 /* AppDelegate.swift */,
				55CFC91F22D32A1D000FCD00 /* ViewController.swift */,
				55CFC92122D32A1D000FCD00 /* Main.storyboard */,
				55CFC92722D32A2A000FCD00 /* Assets.xcassets */,
				55CFC92922D32A2A000FCD00 /* LaunchScreen.storyboard */,
				55CFC92C22D32A2A000FCD00 /* Info.plist */,
				55CFC92422D32A1D000FCD00 /* TrivaDemo.xcdatamodeld */,
			);
			path = TrivaDemo;
			sourceTree = "<group>";
		};
		55CFC93222D32BE7000FCD00 /* Classes */ = {
			isa = PBXGroup;
			children = (
				55A8512722D45CD6007783BA /* Cells */,
				55CFC93422D33D1B000FCD00 /* HomeVC.swift */,
				55CFC93622D33E71000FCD00 /* FirstQuestionVC.swift */,
				55CFC93822D33EBA000FCD00 /* SecondQuestionVC.swift */,
				55A8512522D45C7E007783BA /* HistoryVC.swift */,
				55D81CEA22D76E1F001D8205 /* AnserwsVC.swift */,
			);
			path = Classes;
			sourceTree = "<group>";
		};
		55CFC93A22D34555000FCD00 /* Modal */ = {
			isa = PBXGroup;
			children = (
				55A8513022D48E3B007783BA /* UserDetails+CoreDataClass.swift */,
				55A8513122D48E3B007783BA /* UserDetails+CoreDataProperties.swift */,
			);
			path = Modal;
			sourceTree = "<group>";
		};
		55CFC94422D35066000FCD00 /* Helper */ = {
			isa = PBXGroup;
			children = (
				557B1B8322D609EE00B7A3F8 /* TPKeyboardAvoiding */,
				55CFC94522D35066000FCD00 /* Constant.swift */,
				55BC1FDC22D888080086508C /* AJPRogressHud */,
				55CFC94922D35066000FCD00 /* IBInspectables */,
				55CFC94D22D35066000FCD00 /* Extention */,
			);
			path = Helper;
			sourceTree = "<group>";
		};
		55CFC94922D35066000FCD00 /* IBInspectables */ = {
			isa = PBXGroup;
			children = (
				55CFC94A22D35066000FCD00 /* AdditionalFunctions.swift */,
			);
			path = IBInspectables;
			sourceTree = "<group>";
		};
		55CFC94D22D35066000FCD00 /* Extention */ = {
			isa = PBXGroup;
			children = (
				55CFC95022D35066000FCD00 /* ViewController+Extention.swift */,
			);
			path = Extention;
			sourceTree = "<group>";
		};
/* End PBXGroup section */

/* Begin PBXNativeTarget section */
		55CFC91922D32A1D000FCD00 /* TrivaDemo */ = {
			isa = PBXNativeTarget;
			buildConfigurationList = 55CFC92F22D32A2A000FCD00 /* Build configuration list for PBXNativeTarget "TrivaDemo" */;
			buildPhases = (
				55CFC91622D32A1D000FCD00 /* Sources */,
				55CFC91722D32A1D000FCD00 /* Frameworks */,
				55CFC91822D32A1D000FCD00 /* Resources */,
			);
			buildRules = (
			);
			dependencies = (
			);
			name = TrivaDemo;
			productName = TrivaDemo;
			productReference = 55CFC91A22D32A1D000FCD00 /* TrivaDemo.app */;
			productType = "com.apple.product-type.application";
		};
/* End PBXNativeTarget section */

/* Begin PBXProject section */
		55CFC91222D32A1D000FCD00 /* Project object */ = {
			isa = PBXProject;
			attributes = {
				LastSwiftUpdateCheck = 1000;
				LastUpgradeCheck = 1000;
				ORGANIZATIONNAME = ajeet;
				TargetAttributes = {
					55CFC91922D32A1D000FCD00 = {
						CreatedOnToolsVersion = 10.0;
					};
				};
			};
			buildConfigurationList = 55CFC91522D32A1D000FCD00 /* Build configuration list for PBXProject "TrivaDemo" */;
			compatibilityVersion = "Xcode 9.3";
			developmentRegion = en;
			hasScannedForEncodings = 0;
			knownRegions = (
				en,
				Base,
			);
			mainGroup = 55CFC91122D32A1D000FCD00;
			productRefGroup = 55CFC91B22D32A1D000FCD00 /* Products */;
			projectDirPath = "";
			projectRoot = "";
			targets = (
				55CFC91922D32A1D000FCD00 /* TrivaDemo */,
			);
		};
/* End PBXProject section */

/* Begin PBXResourcesBuildPhase section */
		55CFC91822D32A1D000FCD00 /* Resources */ = {
			isa = PBXResourcesBuildPhase;
			buildActionMask = 2147483647;
			files = (
				55CFC92B22D32A2A000FCD00 /* LaunchScreen.storyboard in Resources */,
				55CFC92822D32A2A000FCD00 /* Assets.xcassets in Resources */,
				55CFC92322D32A1D000FCD00 /* Main.storyboard in Resources */,
			);
			runOnlyForDeploymentPostprocessing = 0;
		};
/* End PBXResourcesBuildPhase section */

/* Begin PBXSourcesBuildPhase section */
		55CFC91622D32A1D000FCD00 /* Sources */ = {
			isa = PBXSourcesBuildPhase;
			buildActionMask = 2147483647;
			files = (
				55CFC95122D35066000FCD00 /* Constant.swift in Sources */,
				557B1B8F22D609EF00B7A3F8 /* TPKeyboardAvoidingCollectionView.m in Sources */,
				55CFC93922D33EBA000FCD00 /* SecondQuestionVC.swift in Sources */,
				557B1B8D22D609EF00B7A3F8 /* TPKeyboardAvoidingTableView.m in Sources */,
				55CFC93722D33E71000FCD00 /* FirstQuestionVC.swift in Sources */,
				55CFC92622D32A1D000FCD00 /* TrivaDemo.xcdatamodeld in Sources */,
				55CFC95422D35066000FCD00 /* AdditionalFunctions.swift in Sources */,
				55CFC93522D33D1B000FCD00 /* HomeVC.swift in Sources */,
				55CFC95722D35066000FCD00 /* ViewController+Extention.swift in Sources */,
				55A8512A22D461D7007783BA /* EndCell.swift in Sources */,
				55BC1FDE22D888220086508C /* AJProgressView.swift in Sources */,
				55D81CEB22D76E1F001D8205 /* AnserwsVC.swift in Sources */,
				55A8513322D48E3B007783BA /* UserDetails+CoreDataProperties.swift in Sources */,
				55A8512622D45C7E007783BA /* HistoryVC.swift in Sources */,
				55A8513222D48E3B007783BA /* UserDetails+CoreDataClass.swift in Sources */,
				557B1B8C22D609EF00B7A3F8 /* UIScrollView+TPKeyboardAvoidingAdditions.m in Sources */,
				557B1B8E22D609EF00B7A3F8 /* TPKeyboardAvoidingScrollView.m in Sources */,
				55CFC92022D32A1D000FCD00 /* ViewController.swift in Sources */,
				55CFC91E22D32A1D000FCD00 /* AppDelegate.swift in Sources */,
			);
			runOnlyForDeploymentPostprocessing = 0;
		};
/* End PBXSourcesBuildPhase section */

/* Begin PBXVariantGroup section */
		55CFC92122D32A1D000FCD00 /* Main.storyboard */ = {
			isa = PBXVariantGroup;
			children = (
				55CFC92222D32A1D000FCD00 /* Base */,
			);
			name = Main.storyboard;
			sourceTree = "<group>";
		};
		55CFC92922D32A2A000FCD00 /* LaunchScreen.storyboard */ = {
			isa = PBXVariantGroup;
			children = (
				55CFC92A22D32A2A000FCD00 /* Base */,
			);
			name = LaunchScreen.storyboard;
			sourceTree = "<group>";
		};
/* End PBXVariantGroup section */

/* Begin XCBuildConfiguration section */
		55CFC92D22D32A2A000FCD00 /* Debug */ = {
			isa = XCBuildConfiguration;
			buildSettings = {
				ALWAYS_SEARCH_USER_PATHS = NO;
				CLANG_ANALYZER_NONNULL = YES;
				CLANG_ANALYZER_NUMBER_OBJECT_CONVERSION = YES_AGGRESSIVE;
				CLANG_CXX_LANGUAGE_STANDARD = "gnu++14";
				CLANG_CXX_LIBRARY = "libc++";
				CLANG_ENABLE_MODULES = YES;
				CLANG_ENABLE_OBJC_ARC = YES;
				CLANG_ENABLE_OBJC_WEAK = YES;
				CLANG_WARN_BLOCK_CAPTURE_AUTORELEASING = YES;
				CLANG_WARN_BOOL_CONVERSION = YES;
				CLANG_WARN_COMMA = YES;
				CLANG_WARN_CONSTANT_CONVERSION = YES;
				CLANG_WARN_DEPRECATED_OBJC_IMPLEMENTATIONS = YES;
				CLANG_WARN_DIRECT_OBJC_ISA_USAGE = YES_ERROR;
				CLANG_WARN_DOCUMENTATION_COMMENTS = YES;
				CLANG_WARN_EMPTY_BODY = YES;
				CLANG_WARN_ENUM_CONVERSION = YES;
				CLANG_WARN_INFINITE_RECURSION = YES;
				CLANG_WARN_INT_CONVERSION = YES;
				CLANG_WARN_NON_LITERAL_NULL_CONVERSION = YES;
				CLANG_WARN_OBJC_IMPLICIT_RETAIN_SELF = YES;
				CLANG_WARN_OBJC_LITERAL_CONVERSION = YES;
				CLANG_WARN_OBJC_ROOT_CLASS = YES_ERROR;
				CLANG_WARN_RANGE_LOOP_ANALYSIS = YES;
				CLANG_WARN_STRICT_PROTOTYPES = YES;
				CLANG_WARN_SUSPICIOUS_MOVE = YES;
				CLANG_WARN_UNGUARDED_AVAILABILITY = YES_AGGRESSIVE;
				CLANG_WARN_UNREACHABLE_CODE = YES;
				CLANG_WARN__DUPLICATE_METHOD_MATCH = YES;
				CODE_SIGN_IDENTITY = "iPhone Developer";
				COPY_PHASE_STRIP = NO;
				DEBUG_INFORMATION_FORMAT = dwarf;
				ENABLE_STRICT_OBJC_MSGSEND = YES;
				ENABLE_TESTABILITY = YES;
				GCC_C_LANGUAGE_STANDARD = gnu11;
				GCC_DYNAMIC_NO_PIC = NO;
				GCC_NO_COMMON_BLOCKS = YES;
				GCC_OPTIMIZATION_LEVEL = 0;
				GCC_PREPROCESSOR_DEFINITIONS = (
					"DEBUG=1",
					"$(inherited)",
				);
				GCC_WARN_64_TO_32_BIT_CONVERSION = YES;
				GCC_WARN_ABOUT_RETURN_TYPE = YES_ERROR;
				GCC_WARN_UNDECLARED_SELECTOR = YES;
				GCC_WARN_UNINITIALIZED_AUTOS = YES_AGGRESSIVE;
				GCC_WARN_UNUSED_FUNCTION = YES;
				GCC_WARN_UNUSED_VARIABLE = YES;
				IPHONEOS_DEPLOYMENT_TARGET = 12.0;
				MTL_ENABLE_DEBUG_INFO = INCLUDE_SOURCE;
				MTL_FAST_MATH = YES;
				ONLY_ACTIVE_ARCH = YES;
				SDKROOT = iphoneos;
				SWIFT_ACTIVE_COMPILATION_CONDITIONS = DEBUG;
				SWIFT_OPTIMIZATION_LEVEL = "-Onone";
			};
			name = Debug;
		};
		55CFC92E22D32A2A000FCD00 /* Release */ = {
			isa = XCBuildConfiguration;
			buildSettings = {
				ALWAYS_SEARCH_USER_PATHS = NO;
				CLANG_ANALYZER_NONNULL = YES;
				CLANG_ANALYZER_NUMBER_OBJECT_CONVERSION = YES_AGGRESSIVE;
				CLANG_CXX_LANGUAGE_STANDARD = "gnu++14";
				CLANG_CXX_LIBRARY = "libc++";
				CLANG_ENABLE_MODULES = YES;
				CLANG_ENABLE_OBJC_ARC = YES;
				CLANG_ENABLE_OBJC_WEAK = YES;
				CLANG_WARN_BLOCK_CAPTURE_AUTORELEASING = YES;
				CLANG_WARN_BOOL_CONVERSION = YES;
				CLANG_WARN_COMMA = YES;
				CLANG_WARN_CONSTANT_CONVERSION = YES;
				CLANG_WARN_DEPRECATED_OBJC_IMPLEMENTATIONS = YES;
				CLANG_WARN_DIRECT_OBJC_ISA_USAGE = YES_ERROR;
				CLANG_WARN_DOCUMENTATION_COMMENTS = YES;
				CLANG_WARN_EMPTY_BODY = YES;
				CLANG_WARN_ENUM_CONVERSION = YES;
				CLANG_WARN_INFINITE_RECURSION = YES;
				CLANG_WARN_INT_CONVERSION = YES;
				CLANG_WARN_NON_LITERAL_NULL_CONVERSION = YES;
				CLANG_WARN_OBJC_IMPLICIT_RETAIN_SELF = YES;
				CLANG_WARN_OBJC_LITERAL_CONVERSION = YES;
				CLANG_WARN_OBJC_ROOT_CLASS = YES_ERROR;
				CLANG_WARN_RANGE_LOOP_ANALYSIS = YES;
				CLANG_WARN_STRICT_PROTOTYPES = YES;
				CLANG_WARN_SUSPICIOUS_MOVE = YES;
				CLANG_WARN_UNGUARDED_AVAILABILITY = YES_AGGRESSIVE;
				CLANG_WARN_UNREACHABLE_CODE = YES;
				CLANG_WARN__DUPLICATE_METHOD_MATCH = YES;
				CODE_SIGN_IDENTITY = "iPhone Developer";
				COPY_PHASE_STRIP = NO;
				DEBUG_INFORMATION_FORMAT = "dwarf-with-dsym";
				ENABLE_NS_ASSERTIONS = NO;
				ENABLE_STRICT_OBJC_MSGSEND = YES;
				GCC_C_LANGUAGE_STANDARD = gnu11;
				GCC_NO_COMMON_BLOCKS = YES;
				GCC_WARN_64_TO_32_BIT_CONVERSION = YES;
				GCC_WARN_ABOUT_RETURN_TYPE = YES_ERROR;
				GCC_WARN_UNDECLARED_SELECTOR = YES;
				GCC_WARN_UNINITIALIZED_AUTOS = YES_AGGRESSIVE;
				GCC_WARN_UNUSED_FUNCTION = YES;
				GCC_WARN_UNUSED_VARIABLE = YES;
				IPHONEOS_DEPLOYMENT_TARGET = 12.0;
				MTL_ENABLE_DEBUG_INFO = NO;
				MTL_FAST_MATH = YES;
				SDKROOT = iphoneos;
				SWIFT_COMPILATION_MODE = wholemodule;
				SWIFT_OPTIMIZATION_LEVEL = "-O";
				VALIDATE_PRODUCT = YES;
			};
			name = Release;
		};
		55CFC93022D32A2A000FCD00 /* Debug */ = {
			isa = XCBuildConfiguration;
			buildSettings = {
				ASSETCATALOG_COMPILER_APPICON_NAME = AppIcon;
				CODE_SIGN_STYLE = Manual;
				DEVELOPMENT_TEAM = AZSDAMGJSL;
				INFOPLIST_FILE = TrivaDemo/Info.plist;
				LD_RUNPATH_SEARCH_PATHS = (
					"$(inherited)",
					"@executable_path/Frameworks",
				);
				PRODUCT_BUNDLE_IDENTIFIER = com.nhz.TrivaDemo;
				PRODUCT_NAME = "$(TARGET_NAME)";
				PROVISIONING_PROFILE_SPECIFIER = TheNineHertz_New;
				SWIFT_VERSION = 4.2;
				TARGETED_DEVICE_FAMILY = 1;
			};
			name = Debug;
		};
		55CFC93122D32A2A000FCD00 /* Release */ = {
			isa = XCBuildConfiguration;
			buildSettings = {
				ASSETCATALOG_COMPILER_APPICON_NAME = AppIcon;
				CODE_SIGN_STYLE = Manual;
				DEVELOPMENT_TEAM = AZSDAMGJSL;
				INFOPLIST_FILE = TrivaDemo/Info.plist;
				LD_RUNPATH_SEARCH_PATHS = (
					"$(inherited)",
					"@executable_path/Frameworks",
				);
				PRODUCT_BUNDLE_IDENTIFIER = com.nhz.TrivaDemo;
				PRODUCT_NAME = "$(TARGET_NAME)";
				PROVISIONING_PROFILE_SPECIFIER = TheNineHertz_New;
				SWIFT_VERSION = 4.2;
				TARGETED_DEVICE_FAMILY = 1;
			};
			name = Release;
		};
/* End XCBuildConfiguration section */

/* Begin XCConfigurationList section */
		55CFC91522D32A1D000FCD00 /* Build configuration list for PBXProject "TrivaDemo" */ = {
			isa = XCConfigurationList;
			buildConfigurations = (
				55CFC92D22D32A2A000FCD00 /* Debug */,
				55CFC92E22D32A2A000FCD00 /* Release */,
			);
			defaultConfigurationIsVisible = 0;
			defaultConfigurationName = Release;
		};
		55CFC92F22D32A2A000FCD00 /* Build configuration list for PBXNativeTarget "TrivaDemo" */ = {
			isa = XCConfigurationList;
			buildConfigurations = (
				55CFC93022D32A2A000FCD00 /* Debug */,
				55CFC93122D32A2A000FCD00 /* Release */,
			);
			defaultConfigurationIsVisible = 0;
			defaultConfigurationName = Release;
		};
/* End XCConfigurationList section */

/* Begin XCVersionGroup section */
		55CFC92422D32A1D000FCD00 /* TrivaDemo.xcdatamodeld */ = {
			isa = XCVersionGroup;
			children = (
				55CFC92522D32A1D000FCD00 /* TrivaDemo.xcdatamodel */,
			);
			currentVersion = 55CFC92522D32A1D000FCD00 /* TrivaDemo.xcdatamodel */;
			path = TrivaDemo.xcdatamodeld;
			sourceTree = "<group>";
			versionGroupType = wrapper.xcdatamodel;
		};
/* End XCVersionGroup section */
	};
	rootObject = 55CFC91222D32A1D000FCD00 /* Project object */;
}
